
Microsoft Visual Studio Solution File, Format Version 12.00
# Visual Studio Version 17
VisualStudioVersion = 17.0.31903.59
MinimumVisualStudioVersion = 10.0.40219.1
Project("{9A19103F-16F7-4668-BE54-9A1E7A4F7556}") = "XoomCore.Web", "XoomCore.Web\XoomCore.Web.csproj", "{5D2D8868-3A9B-4AE3-880A-334E4A5DE50C}"
EndProject
Project("{9A19103F-16F7-4668-BE54-9A1E7A4F7556}") = "XoomCore.Core", "XoomCore.Core\XoomCore.Core.csproj", "{CD3EA3CF-4866-4A47-BCC4-24F8C7297980}"
EndProject
Project("{9A19103F-16F7-4668-BE54-9A1E7A4F7556}") = "XoomCore.Application", "XoomCore.Application\XoomCore.Application.csproj", "{DF70A4AF-5E63-46E6-87F4-BAE029E1692E}"
EndProject
Project("{9A19103F-16F7-4668-BE54-9A1E7A4F7556}") = "XoomCore.Infrastructure", "XoomCore.Infrastructure\XoomCore.Infrastructure.csproj", "{91E9092D-6F3D-45C9-ABF0-B7FFD04839CD}"
EndProject
Project("{9A19103F-16F7-4668-BE54-9A1E7A4F7556}") = "XoomCore.Services", "XoomCore.Services\XoomCore.Services.csproj", "{987163C0-177A-4586-AFF3-7C117FF654E0}"
EndProject
Global
	GlobalSection(SolutionConfigurationPlatforms) = preSolution
		Debug|Any CPU = Debug|Any CPU
		Release|Any CPU = Release|Any CPU
	EndGlobalSection
	GlobalSection(ProjectConfigurationPlatforms) = postSolution
		{5D2D8868-3A9B-4AE3-880A-334E4A5DE50C}.Debug|Any CPU.ActiveCfg = Debug|Any CPU
		{5D2D8868-3A9B-4AE3-880A-334E4A5DE50C}.Debug|Any CPU.Build.0 = Debug|Any CPU
		{5D2D8868-3A9B-4AE3-880A-334E4A5DE50C}.Release|Any CPU.ActiveCfg = Release|Any CPU
		{5D2D8868-3A9B-4AE3-880A-334E4A5DE50C}.Release|Any CPU.Build.0 = Release|Any CPU
		{CD3EA3CF-4866-4A47-BCC4-24F8C7297980}.Debug|Any CPU.ActiveCfg = Debug|Any CPU
		{CD3EA3CF-4866-4A47-BCC4-24F8C7297980}.Debug|Any CPU.Build.0 = Debug|Any CPU
		{CD3EA3CF-4866-4A47-BCC4-24F8C7297980}.Release|Any CPU.ActiveCfg = Release|Any CPU
		{CD3EA3CF-4866-4A47-BCC4-24F8C7297980}.Release|Any CPU.Build.0 = Release|Any CPU
		{DF70A4AF-5E63-46E6-87F4-BAE029E1692E}.Debug|Any CPU.ActiveCfg = Debug|Any CPU
		{DF70A4AF-5E63-46E6-87F4-BAE029E1692E}.Debug|Any CPU.Build.0 = Debug|Any CPU
		{DF70A4AF-5E63-46E6-87F4-BAE029E1692E}.Release|Any CPU.ActiveCfg = Release|Any CPU
		{DF70A4AF-5E63-46E6-87F4-BAE029E1692E}.Release|Any CPU.Build.0 = Release|Any CPU
		{91E9092D-6F3D-45C9-ABF0-B7FFD04839CD}.Debug|Any CPU.ActiveCfg = Debug|Any CPU
		{91E9092D-6F3D-45C9-ABF0-B7FFD04839CD}.Debug|Any CPU.Build.0 = Debug|Any CPU
		{91E9092D-6F3D-45C9-ABF0-B7FFD04839CD}.Release|Any CPU.ActiveCfg = Release|Any CPU
		{91E9092D-6F3D-45C9-ABF0-B7FFD04839CD}.Release|Any CPU.Build.0 = Release|Any CPU
		{987163C0-177A-4586-AFF3-7C117FF654E0}.Debug|Any CPU.ActiveCfg = Debug|Any CPU
		{987163C0-177A-4586-AFF3-7C117FF654E0}.Debug|Any CPU.Build.0 = Debug|Any CPU
		{987163C0-177A-4586-AFF3-7C117FF654E0}.Release|Any CPU.ActiveCfg = Release|Any CPU
		{987163C0-177A-4586-AFF3-7C117FF654E0}.Release|Any CPU.Build.0 = Release|Any CPU
	EndGlobalSection
	GlobalSection(SolutionProperties) = preSolution
		HideSolutionNode = FALSE
	EndGlobalSection
	GlobalSection(ExtensibilityGlobals) = postSolution
		SolutionGuid = {7A2DDA14-0D37-4383-8D95-6ED60D52A069}
	EndGlobalSection
EndGlobal
